
Microsoft Visual Studio Solution File, Format Version 12.00
# Visual Studio Version 17
VisualStudioVersion = 17.8.34330.188
MinimumVisualStudioVersion = 10.0.40219.1
Project("{FAE04EC0-301F-11D3-BF4B-00C04F79EFBC}") = "MyStore", "MyStore\MyStore.csproj", "{C1CE48C2-AAFC-48CF-9C80-0C04F9D2A4B7}"
EndProject
Global
	GlobalSection(SolutionConfigurationPlatforms) = preSolution
		Debug|Any CPU = Debug|Any CPU
		Release|Any CPU = Release|Any CPU
	EndGlobalSection
	GlobalSection(ProjectConfigurationPlatforms) = postSolution
		{C1CE48C2-AAFC-48CF-9C80-0C04F9D2A4B7}.Debug|Any CPU.ActiveCfg = Debug|Any CPU
		{C1CE48C2-AAFC-48CF-9C80-0C04F9D2A4B7}.Debug|Any CPU.Build.0 = Debug|Any CPU
		{C1CE48C2-AAFC-48CF-9C80-0C04F9D2A4B7}.Release|Any CPU.ActiveCfg = Release|Any CPU
		{C1CE48C2-AAFC-48CF-9C80-0C04F9D2A4B7}.Release|Any CPU.Build.0 = Release|Any CPU
	EndGlobalSection
	GlobalSection(SolutionProperties) = preSolution
		HideSolutionNode = FALSE
	EndGlobalSection
	GlobalSection(ExtensibilityGlobals) = postSolution
		SolutionGuid = {650504F8-68FB-4DB9-8404-4DADCB76C3FB}
	EndGlobalSection
EndGlobal
